{
  "nodes": {
    "agenix": {
      "inputs": {
        "darwin": [],
        "home-manager": [],
        "nixpkgs": [
          "nixpkgs"
        ],
        "systems": [
          "systems"
        ]
      },
      "locked": {
        "lastModified": 1745996852,
        "narHash": "sha256-Ini/8o32+7Lp0/GFZiH8k9422SV1XwjtcJJ8BqRtmw8=",
        "owner": "uku3lig",
        "repo": "agenix",
        "rev": "4ad591038cb60f5e770db1d7d0d5f98621fa61d7",
        "type": "github"
      },
      "original": {
        "owner": "uku3lig",
        "repo": "agenix",
        "type": "github"
      }
    },
    "api-rs": {
      "inputs": {
        "flake-parts": [
          "flake-parts"
        ],
        "nixpkgs": [
          "nixpkgs"
        ]
      },
      "locked": {
        "lastModified": 1750526864,
        "narHash": "sha256-vRS2ADvAfjZe2e9jHHFByY7krcATUTfrBX0LWiGUcp0=",
        "owner": "uku3lig",
        "repo": "api-rs",
        "rev": "6cd2645920a3c1f2261e810124be48ca2f6db18d",
        "type": "github"
      },
      "original": {
        "owner": "uku3lig",
        "repo": "api-rs",
        "type": "github"
      }
    },
    "camasca": {
      "inputs": {
        "nixpkgs": [
          "nixpkgs"
        ]
      },
      "locked": {
        "lastModified": 1750636898,
        "narHash": "sha256-bebdWECX2lORaPvBFaKEWBJi9+XvdNT6GO5Fxl2oewA=",
        "rev": "5a666254fc02daf5279e2b6105f41a025bd74fa0",
        "type": "tarball",
        "url": "https://git.uku3lig.net/api/v1/repos/uku/camasca/archive/5a666254fc02daf5279e2b6105f41a025bd74fa0.tar.gz"
      },
      "original": {
        "type": "tarball",
        "url": "https://git.uku3lig.net/uku/camasca/archive/main.tar.gz"
      }
    },
    "crane": {
      "locked": {
        "lastModified": 1750266157,
        "narHash": "sha256-tL42YoNg9y30u7zAqtoGDNdTyXTi8EALDeCB13FtbQA=",
        "owner": "ipetkov",
        "repo": "crane",
        "rev": "e37c943371b73ed87faf33f7583860f81f1d5a48",
        "type": "github"
      },
      "original": {
        "owner": "ipetkov",
        "repo": "crane",
        "type": "github"
      }
    },
    "flake-parts": {
      "inputs": {
        "nixpkgs-lib": [
          "nixpkgs"
        ]
      },
      "locked": {
        "lastModified": 1749398372,
        "narHash": "sha256-tYBdgS56eXYaWVW3fsnPQ/nFlgWi/Z2Ymhyu21zVM98=",
        "owner": "hercules-ci",
        "repo": "flake-parts",
        "rev": "9305fe4e5c2a6fcf5ba6a3ff155720fbe4076569",
        "type": "github"
      },
      "original": {
        "owner": "hercules-ci",
        "repo": "flake-parts",
        "type": "github"
      }
    },
    "flake-utils": {
      "inputs": {
        "systems": [
          "systems"
        ]
      },
      "locked": {
        "lastModified": 1731533236,
        "narHash": "sha256-l0KFg5HjrsfsO/JpG+r7fRrqm12kzFHyUHqHCVpMMbI=",
        "owner": "numtide",
        "repo": "flake-utils",
        "rev": "11707dc2f618dd54ca8739b309ec4fc024de578b",
        "type": "github"
      },
      "original": {
        "owner": "numtide",
        "repo": "flake-utils",
        "type": "github"
      }
    },
    "getchvim": {
      "inputs": {
        "nixpkgs": [
          "nixpkgs"
        ]
      },
      "locked": {
        "lastModified": 1750469927,
        "narHash": "sha256-mNSDBnBmhK2Q96qhwhTMm311HvMPqLmJmTcnJqpKYiE=",
        "owner": "getchoo",
        "repo": "getchvim",
        "rev": "50ffc9f12028277b2b35e9b4c09de0c8e8bea568",
        "type": "github"
      },
      "original": {
        "owner": "getchoo",
        "repo": "getchvim",
        "type": "github"
      }
    },
    "hjem": {
      "inputs": {
        "nixpkgs": [
          "nixpkgs"
        ],
        "smfh": "smfh"
      },
      "locked": {
        "lastModified": 1750342922,
        "narHash": "sha256-TykbfwTCFBL9yk0/xYwOEbHWA83JIQt4ocunMBEyuJE=",
        "owner": "feel-co",
        "repo": "hjem",
        "rev": "26c5ebaad2b2cfeaf6cf360952f5fe8876326c80",
        "type": "github"
      },
      "original": {
        "owner": "feel-co",
        "repo": "hjem",
        "type": "github"
      }
    },
    "lanzaboote": {
      "inputs": {
        "crane": [
          "crane"
        ],
        "flake-compat": [],
        "flake-parts": [
          "flake-parts"
        ],
        "nixpkgs": [
          "nixpkgs"
        ],
        "pre-commit-hooks-nix": [],
        "rust-overlay": "rust-overlay_2"
      },
      "locked": {
        "lastModified": 1750168384,
        "narHash": "sha256-PBfJ7dGsR02im/RYN8wXII8yNPFhKxiPdq+JDfbvD2k=",
        "owner": "nix-community",
        "repo": "lanzaboote",
        "rev": "38c2addd2e0cedcb03708de6e6c21fb1be86d410",
        "type": "github"
      },
      "original": {
        "owner": "nix-community",
        "repo": "lanzaboote",
        "type": "github"
      }
    },
    "mystia": {
      "inputs": {
        "flake-compat": [],
        "nix-update-soopy": [],
        "nixpkgs": [
          "nixpkgs"
        ],
        "treefmt-nix": []
      },
      "locked": {
        "lastModified": 1750665781,
        "narHash": "sha256-p4HXOj0c6uLe04oNGtWPgEcpAkuxNnoNouT3dV5ulb8=",
        "owner": "soopyc",
        "repo": "mystia",
        "rev": "a0b2af79b7754214c2e5869e6b22ad06a7e6ed13",
        "type": "github"
      },
      "original": {
        "owner": "soopyc",
        "repo": "mystia",
        "type": "github"
      }
    },
    "nix-index-database": {
      "inputs": {
        "nixpkgs": [
          "nixpkgs"
        ]
      },
      "locked": {
        "lastModified": 1750565152,
        "narHash": "sha256-A6ZIoIgaPPkzIVxKuaxwEJicPOeTwC/MD9iuC3FVhDM=",
        "owner": "nix-community",
        "repo": "nix-index-database",
        "rev": "78cd697acc2e492b4e92822a4913ffad279c20e6",
        "type": "github"
      },
      "original": {
        "owner": "nix-community",
        "repo": "nix-index-database",
        "type": "github"
      }
    },
    "nixos-wsl": {
      "inputs": {
        "flake-compat": [],
        "nixpkgs": [
          "nixpkgs"
        ]
      },
      "locked": {
        "lastModified": 1749574455,
        "narHash": "sha256-fm2/8KPOYvvIAnNVtjDlTt/My00lIbZQ+LMrfQIWVzs=",
        "owner": "nix-community",
        "repo": "NixOS-WSL",
        "rev": "917af390377c573932d84b5e31dd9f2c1b5c0f09",
        "type": "github"
      },
      "original": {
        "owner": "nix-community",
        "repo": "NixOS-WSL",
        "type": "github"
      }
    },
    "nixpkgs": {
      "locked": {
        "lastModified": 1750633290,
        "narHash": "sha256-w7N9SeSxFS0jvkbqyfc6FOGGyNiTQtv5jwbi1l/xpk8=",
        "rev": "4206c4cb56751df534751b058295ea61357bbbaa",
        "type": "tarball",
        "url": "https://releases.nixos.org/nixos/unstable/nixos-25.11pre819493.4206c4cb5675/nixexprs.tar.xz"
      },
      "original": {
        "type": "tarball",
        "url": "https://uku.moe/unstable.tar.xz"
      }
    },
    "root": {
      "inputs": {
        "agenix": "agenix",
        "api-rs": "api-rs",
        "camasca": "camasca",
        "crane": "crane",
        "flake-parts": "flake-parts",
        "flake-utils": "flake-utils",
        "getchvim": "getchvim",
        "hjem": "hjem",
        "lanzaboote": "lanzaboote",
        "mystia": "mystia",
        "nix-index-database": "nix-index-database",
        "nixos-wsl": "nixos-wsl",
        "nixpkgs": "nixpkgs",
        "systems": "systems_2",
        "treefmt-nix": "treefmt-nix",
        "ukubot-rs": "ukubot-rs",
        "vencord": "vencord"
      }
    },
    "rust-overlay": {
      "inputs": {
        "nixpkgs": [
          "hjem",
          "smfh",
          "nixpkgs"
        ]
      },
      "locked": {
        "lastModified": 1747622321,
        "narHash": "sha256-W0dYIWgsUu6rvOJRtKLhKskkv0VhQhJYGNIq+gGUc8g=",
        "owner": "oxalica",
        "repo": "rust-overlay",
        "rev": "bd030fd9983f7fddf87be1c64aa3064c8afa24c4",
        "type": "github"
      },
      "original": {
        "owner": "oxalica",
        "repo": "rust-overlay",
        "type": "github"
      }
    },
    "rust-overlay_2": {
      "inputs": {
        "nixpkgs": [
          "lanzaboote",
          "nixpkgs"
        ]
      },
      "locked": {
        "lastModified": 1749955444,
        "narHash": "sha256-CllTHvHX8KAdAZ+Lxzd23AmZTxO1Pfy+zC43/5tYkAE=",
        "owner": "oxalica",
        "repo": "rust-overlay",
        "rev": "539ba15741f0e6691a2448743dbc601d8910edce",
        "type": "github"
      },
      "original": {
        "owner": "oxalica",
        "repo": "rust-overlay",
        "type": "github"
      }
    },
    "smfh": {
      "inputs": {
        "nixpkgs": [
          "hjem",
          "nixpkgs"
        ],
        "rust-overlay": "rust-overlay",
        "systems": "systems"
      },
      "locked": {
        "lastModified": 1749547788,
        "narHash": "sha256-n6fd0pb7zd6fVstSzNUEm7qc3NJdPkmDLulGtARQkCI=",
        "owner": "Gerg-L",
        "repo": "smfh",
        "rev": "c2dfd2c142a80d9f4ef3b22b65ba1cc6b6d5d40c",
        "type": "github"
      },
      "original": {
        "owner": "Gerg-L",
        "repo": "smfh",
        "type": "github"
      }
    },
    "systems": {
      "locked": {
        "lastModified": 1681028828,
        "narHash": "sha256-Vy1rq5AaRuLzOxct8nz4T6wlgyUR7zLU309k9mBC768=",
        "owner": "nix-systems",
        "repo": "default",
        "rev": "da67096a3b9bf56a91d16901293e51ba5b49a27e",
        "type": "github"
      },
      "original": {
        "owner": "nix-systems",
        "repo": "default",
        "type": "github"
      }
    },
    "systems_2": {
      "locked": {
        "lastModified": 1681028828,
        "narHash": "sha256-Vy1rq5AaRuLzOxct8nz4T6wlgyUR7zLU309k9mBC768=",
        "owner": "nix-systems",
        "repo": "default",
        "rev": "da67096a3b9bf56a91d16901293e51ba5b49a27e",
        "type": "github"
      },
      "original": {
        "owner": "nix-systems",
        "repo": "default",
        "type": "github"
      }
    },
    "treefmt-nix": {
      "inputs": {
        "nixpkgs": [
          "nixpkgs"
        ]
      },
      "locked": {
        "lastModified": 1749194973,
        "narHash": "sha256-eEy8cuS0mZ2j/r/FE0/LYBSBcIs/MKOIVakwHVuqTfk=",
        "owner": "numtide",
        "repo": "treefmt-nix",
        "rev": "a05be418a1af1198ca0f63facb13c985db4cb3c5",
        "type": "github"
      },
      "original": {
        "owner": "numtide",
        "repo": "treefmt-nix",
        "type": "github"
      }
    },
    "ukubot-rs": {
      "inputs": {
        "flake-parts": [
          "flake-parts"
        ],
        "nixpkgs": [
          "nixpkgs"
        ]
      },
      "locked": {
        "lastModified": 1750658653,
        "narHash": "sha256-5b66kCRNlVvidmJoRIXjzW6yuq8hq00ReXHwe6puSjc=",
        "owner": "uku3lig",
        "repo": "ukubot-rs",
        "rev": "8a7dbbe0e21f27378ed7cc57028b48ede4b106cf",
        "type": "github"
      },
      "original": {
        "owner": "uku3lig",
        "repo": "ukubot-rs",
        "type": "github"
      }
    },
    "vencord": {
      "flake": false,
      "locked": {
        "lastModified": 1750437952,
        "narHash": "sha256-qizTKlD53Im/UZJ1gI1jRPmRYoEwEIEUnWR6nLXIJlg=",
        "owner": "Vendicated",
        "repo": "Vencord",
        "rev": "658a62860e40f9411c26f30b8327f61431d3a92e",
        "type": "github"
      },
      "original": {
        "owner": "Vendicated",
        "repo": "Vencord",
        "type": "github"
      }
    }
  },
  "root": "root",
  "version": 7
}
